
Microsoft Visual Studio Solution File, Format Version 12.00
# Visual Studio Version 16
VisualStudioVersion = 16.0.30320.27
MinimumVisualStudioVersion = 10.0.40219.1
Project("{FAE04EC0-301F-11D3-BF4B-00C04F79EFBC}") = "Profesiones.Interface", "Profesiones.Interface\Profesiones.Interface.csproj", "{10252F11-B792-4915-9781-0F41BC79B69B}"
EndProject
Global
	GlobalSection(SolutionConfigurationPlatforms) = preSolution
		Debug|Any CPU = Debug|Any CPU
		Release|Any CPU = Release|Any CPU
	EndGlobalSection
	GlobalSection(ProjectConfigurationPlatforms) = postSolution
		{10252F11-B792-4915-9781-0F41BC79B69B}.Debug|Any CPU.ActiveCfg = Debug|Any CPU
		{10252F11-B792-4915-9781-0F41BC79B69B}.Debug|Any CPU.Build.0 = Debug|Any CPU
		{10252F11-B792-4915-9781-0F41BC79B69B}.Release|Any CPU.ActiveCfg = Release|Any CPU
		{10252F11-B792-4915-9781-0F41BC79B69B}.Release|Any CPU.Build.0 = Release|Any CPU
	EndGlobalSection
	GlobalSection(SolutionProperties) = preSolution
		HideSolutionNode = FALSE
	EndGlobalSection
	GlobalSection(ExtensibilityGlobals) = postSolution
		SolutionGuid = {3504964B-D93A-40F2-84D9-6D5CBC8189F1}
	EndGlobalSection
EndGlobal
